
Microsoft Visual Studio Solution File, Format Version 12.00
# Visual Studio Version 16
Project("{8BC9CEB8-8B4A-11D0-8D11-00A0C91BC942}") = "RayCasting2D", "RayCasting2D\RayCasting2D.vcxproj", "{70FFE223-5C62-72C8-05E8-AA7EF1293E4B}"
EndProject
Global
	GlobalSection(SolutionConfigurationPlatforms) = preSolution
		Debug|x64 = Debug|x64
		Release|x64 = Release|x64
	EndGlobalSection
	GlobalSection(ProjectConfigurationPlatforms) = postSolution
		{70FFE223-5C62-72C8-05E8-AA7EF1293E4B}.Debug|x64.ActiveCfg = Debug|x64
		{70FFE223-5C62-72C8-05E8-AA7EF1293E4B}.Debug|x64.Build.0 = Debug|x64
		{70FFE223-5C62-72C8-05E8-AA7EF1293E4B}.Release|x64.ActiveCfg = Release|x64
		{70FFE223-5C62-72C8-05E8-AA7EF1293E4B}.Release|x64.Build.0 = Release|x64
	EndGlobalSection
	GlobalSection(SolutionProperties) = preSolution
		HideSolutionNode = FALSE
	EndGlobalSection
EndGlobal
